
Microsoft Visual Studio Solution File, Format Version 12.00
# Visual Studio Version 16
VisualStudioVersion = 16.0.34301.259
MinimumVisualStudioVersion = 10.0.40219.1
Project("{FAE04EC0-301F-11D3-BF4B-00C04F79EFBC}") = "2.1. Проста форма з обробником події", "2.1. Проста форма з обробником події\2.1. Проста форма з обробником події.csproj", "{5FDA8978-583A-403B-9A74-F31BA7B12D29}"
EndProject
Project("{FAE04EC0-301F-11D3-BF4B-00C04F79EFBC}") = "2.3.Форма з кнопкою без XAML", "2.3.Форма з кнопкою без XAML\2.3.Форма з кнопкою без XAML.csproj", "{7F9F853B-340F-4272-AFE1-34DA8CBD4A68}"
EndProject
Project("{FAE04EC0-301F-11D3-BF4B-00C04F79EFBC}") = "2.4.Використання складних властивостей на прикладі заливки елементів", "2.4.Використання складних властивостей на прикладі заливки елементів\2.4.Використання складних властивостей на прикладі заливки елементів.csproj", "{3F243BE5-475D-4EF8-81F8-4ED95B78DDC0}"
EndProject
Project("{FAE04EC0-301F-11D3-BF4B-00C04F79EFBC}") = "2.6.Використання прикріплених властивостей при розташуванні елементів в сітці", "2.5.Використання прикріплених властивостей при розташуванні елементів в сітці\2.6.Використання прикріплених властивостей при розташуванні елементів в сітці.csproj", "{3DB1DDB8-4067-4E5B-88F7-20417BA57200}"
EndProject
Project("{FAE04EC0-301F-11D3-BF4B-00C04F79EFBC}") = "2.5.Використання розширення розмітки", "2.5.Використання розширення розмітки\2.5.Використання розширення розмітки.csproj", "{13092D21-6745-4169-B70C-8EE2CECE1D1A}"
EndProject
Project("{FAE04EC0-301F-11D3-BF4B-00C04F79EFBC}") = "2.7.Використання спеціальних символів XAML", "2.7.Використання спеціальних символів XAML\2.7.Використання спеціальних символів XAML.csproj", "{D1C6F638-33B0-4718-8CFC-4BF404A52FFC}"
EndProject
Project("{FAE04EC0-301F-11D3-BF4B-00C04F79EFBC}") = "2.8.Використання в XAML класу локального простору імен - Book", "2.8.Використання в XAML класу локального простору імен - Book\2.8.Використання в XAML класу локального простору імен - Book.csproj", "{E838D462-A0F4-401C-A5A9-71AFDAE7C598}"
EndProject
Project("{FAE04EC0-301F-11D3-BF4B-00C04F79EFBC}") = "2.9.Створення в XAML списку елементів Book", "2.9.Створення в XAML списку елементів Book\2.9.Створення в XAML списку елементів Book.csproj", "{98512A4C-CF97-4049-A3F1-A90E44EC02E0}"
EndProject
Project("{FAE04EC0-301F-11D3-BF4B-00C04F79EFBC}") = "2.10.Створення в ресурсі колекції ArrayList елементів Book", "2.10.Створення в ресурсі колекції ArrayList елементів Book\2.10.Створення в ресурсі колекції ArrayList елементів Book.csproj", "{1393081E-5BC6-4B89-897A-94BB9A987517}"
EndProject
Project("{FAE04EC0-301F-11D3-BF4B-00C04F79EFBC}") = "2.11.Попередній приклад з використанням типізованої колекції", "2.11.Попередній приклад з використанням типізованої колекції\2.11.Попередній приклад з використанням типізованої колекції.csproj", "{BE3C9560-4D8D-4571-9D8A-26E490B7D131}"
EndProject
Project("{FAE04EC0-301F-11D3-BF4B-00C04F79EFBC}") = "Test", "Test\Test.csproj", "{B218EDFF-9AC9-42EF-8452-127F364B8A8A}"
EndProject
Project("{FAE04EC0-301F-11D3-BF4B-00C04F79EFBC}") = "4.3.Expander+GroupBox+GridSplitter", "4.2.Expander+GroupBox\4.3.Expander+GroupBox+GridSplitter.csproj", "{13BA39E0-6DCC-4A38-B31E-72FB15A2B173}"
EndProject
Project("{FAE04EC0-301F-11D3-BF4B-00C04F79EFBC}") = "4.3.Групування за допомогою TabControl", "4.3.Теж саме з TabControl\4.3.Групування за допомогою TabControl.csproj", "{C1573873-FAF6-4374-85D0-A9DD26740CFF}"
EndProject
Project("{FAE04EC0-301F-11D3-BF4B-00C04F79EFBC}") = "4.4.Записник вхідних дзвінків - ComboBox", "44\4.4.Записник вхідних дзвінків - ComboBox.csproj", "{E051DA37-2ADA-4133-B81D-CD95F06C7665}"
EndProject
Project("{FAE04EC0-301F-11D3-BF4B-00C04F79EFBC}") = "4.1.Мнемонічні команди, створення груп", "41\4.1.Мнемонічні команди, створення груп.csproj", "{CD263457-D242-4112-825E-0569A5750795}"
EndProject
Project("{FAE04EC0-301F-11D3-BF4B-00C04F79EFBC}") = "4.5.Визначник кодів операторів звязку - ListBox", "4.5.Визначник кодів операторів звязку - ListBox\4.5.Визначник кодів операторів звязку - ListBox.csproj", "{6659750B-B6B4-4482-BB38-C7306F443ED8}"
EndProject
Project("{FAE04EC0-301F-11D3-BF4B-00C04F79EFBC}") = "4.6.Елемент Slider", "4.6.Елемент Slider\4.6.Елемент Slider.csproj", "{0002ABED-CFC2-470B-BCD2-05714A8DF4BA}"
EndProject
Project("{FAE04EC0-301F-11D3-BF4B-00C04F79EFBC}") = "4.7.Індикатор прогресу ProgressBar", "4.7.Індикатор прогресу ProgressBar\4.7.Індикатор прогресу ProgressBar.csproj", "{DAD5CAD2-E874-4154-9575-DE25C87A6F30}"
EndProject
Project("{FAE04EC0-301F-11D3-BF4B-00C04F79EFBC}") = "4.8.Калькулятор для обчиислення дати закінчення відпустки", "4.8.Калькулятор дляобчиислення дати закінчення відпустки\4.8.Калькулятор для обчиислення дати закінчення відпустки.csproj", "{68586684-703E-4D95-915F-54AA99C32A00}"
EndProject
Project("{FAE04EC0-301F-11D3-BF4B-00C04F79EFBC}") = "4.9.ScrollViewer in code", "4.9.ScrollViewer in code\4.9.ScrollViewer in code.csproj", "{D6546653-1603-49D3-A0D3-F53119D5D0E5}"
EndProject
Project("{FAE04EC0-301F-11D3-BF4B-00C04F79EFBC}") = "4.10.GroupBox in code", "4.10.GroupBox in code\4.10.GroupBox in code.csproj", "{6AC20749-8570-4460-912D-349D8CB32163}"
EndProject
Project("{FAE04EC0-301F-11D3-BF4B-00C04F79EFBC}") = "4.11.TabItem in code", "4.11.TabItem in code\4.11.TabItem in code.csproj", "{5792931D-D022-4665-A407-DE0F13BBE5ED}"
EndProject
Project("{FAE04EC0-301F-11D3-BF4B-00C04F79EFBC}") = "3.1.StackPanel у формі автентифікації", "3.1.StackPanel у формі автентифікації\3.1.StackPanel у формі автентифікації.csproj", "{7A4F600A-B823-4C88-961C-D0869F499BEB}"
EndProject
Project("{FAE04EC0-301F-11D3-BF4B-00C04F79EFBC}") = "3.2.Контейнер WrapPanel", "3.2.Контейнер WrapPanel\3.2.Контейнер WrapPanel.csproj", "{D8078ED8-B594-4846-8580-0F6FE2121183}"
EndProject
Project("{FAE04EC0-301F-11D3-BF4B-00C04F79EFBC}") = "3.3.DockPanel в макеті простого редактора", "3.3.DockPanel в макеті простого редактора\3.3.DockPanel в макеті простого редактора.csproj", "{2F4CBC10-F6D7-4E58-ABAF-34024F4722BB}"
EndProject
Project("{FAE04EC0-301F-11D3-BF4B-00C04F79EFBC}") = "3.4.Комбінування контейнерів", "3.4.Комбінування контейнерів\3.4.Комбінування контейнерів.csproj", "{280D6B31-E5EA-4619-B2E8-16EDB405D02D}"
EndProject
Project("{FAE04EC0-301F-11D3-BF4B-00C04F79EFBC}") = "3.5.Контейнер Grid", "3.5.Контейнер Grid\3.5.Контейнер Grid.csproj", "{9BB3B1F2-BFFE-465F-8A88-6F1D4A29F2D0}"
EndProject
Project("{FAE04EC0-301F-11D3-BF4B-00C04F79EFBC}") = "3.6.Теж саме з додаванням сплітера і декоратора", "3.6.Теж що в попередньому з доаванням сплітера і обрамлення\3.6.Теж саме з додаванням сплітера і декоратора.csproj", "{AD9D1051-00C6-4448-86A3-C5F28B1B9CAA}"
EndProject
Project("{FAE04EC0-301F-11D3-BF4B-00C04F79EFBC}") = "3.7.UniformGrid у формі з клавіатурою", "3.7.UniformGrid у формі з клавіатурою\3.7.UniformGrid у формі з клавіатурою.csproj", "{5D38F500-F869-4DEE-A01F-0D5959998417}"
EndProject
Project("{FAE04EC0-301F-11D3-BF4B-00C04F79EFBC}") = "3.8.Програмне керування Grid", "3.8.Програмне керування Grid\3.8.Програмне керування Grid.csproj", "{B2A6BB92-C4B3-460E-B0C2-463514DB09B9}"
EndProject
Project("{FAE04EC0-301F-11D3-BF4B-00C04F79EFBC}") = "3.9.Контейнер Canvas", "3.9.Контейнер Canvas\3.9.Контейнер Canvas.csproj", "{FD6BECF8-EF58-4D94-9C9F-67C37CAE8D10}"
EndProject
Project("{FAE04EC0-301F-11D3-BF4B-00C04F79EFBC}") = "3.10.Canvas з прямокутниками", "3.10.Canvas з прямокутниками\3.10.Canvas з прямокутниками.csproj", "{07E7BC56-459A-48FC-BC43-88D641942F7E}"
EndProject
Project("{FAE04EC0-301F-11D3-BF4B-00C04F79EFBC}") = "3.11.Програмне керування Canvas", "3.11.Програмне керування Canvas\3.11.Програмне керування Canvas.csproj", "{B0A19F8B-464A-49E0-A00B-D9A949F000C7}"
EndProject
Project("{FAE04EC0-301F-11D3-BF4B-00C04F79EFBC}") = "3.12.Програмне керування StackPanel", "3.12.Програмне керування StackPanel\3.12.Програмне керування StackPanel.csproj", "{0FF889E2-79F6-4338-A951-896DB04F554F}"
EndProject
Project("{FAE04EC0-301F-11D3-BF4B-00C04F79EFBC}") = "3.13.Програмне керування WrapPanel", "3.13.Програмне керування WrapPanel\3.13.Програмне керування WrapPanel.csproj", "{BA9128CC-3500-48D2-AE38-B78B6BEBC264}"
EndProject
Project("{FAE04EC0-301F-11D3-BF4B-00C04F79EFBC}") = "3.14.Програмне керування DocPanel+Border", "3.14.Програмне керування DocPanel\3.14.Програмне керування DocPanel+Border.csproj", "{6717ACD0-DD53-4819-82CD-4EFF9E034B46}"
EndProject
Project("{FAE04EC0-301F-11D3-BF4B-00C04F79EFBC}") = "4.0.Зафарбовування геометричних фігур", "4.0.Зафарбовування геометричних фігур\4.0.Зафарбовування геометричних фігур.csproj", "{F6AE6D90-1D2B-4B73-9B56-4437632BC0F9}"
EndProject
Project("{FAE04EC0-301F-11D3-BF4B-00C04F79EFBC}") = "4.0.Зміна кольора кнопки при установці або втраті фокуса", "40 Зміна кольора кнопки при установці або втрати фокуса\4.0.Зміна кольора кнопки при установці або втраті фокуса.csproj", "{32B12ED9-6403-4231-9A4F-9F8CBBFE92E9}"
EndProject
Project("{FAE04EC0-301F-11D3-BF4B-00C04F79EFBC}") = "4.0.Масштабований текст", "40 Масштабований текст\4.0.Масштабований текст.csproj", "{F27A341B-81B6-45A7-83CF-309D87CC2536}"
EndProject
Project("{FAE04EC0-301F-11D3-BF4B-00C04F79EFBC}") = "4.1. Лого КПІ в підказуванні", "41 Лого КПІ з підказуванням\4.1. Лого КПІ в підказуванні.csproj", "{FE5640AB-0176-4B78-B511-95F5FAF687CF}"
EndProject
Project("{FAE04EC0-301F-11D3-BF4B-00C04F79EFBC}") = "4.12. Expander in code", "412 Expander in code\4.12. Expander in code.csproj", "{51158CE3-B6E5-4653-8C0E-2B961E36BB62}"
EndProject
Project("{FAE04EC0-301F-11D3-BF4B-00C04F79EFBC}") = "5.1.Визначення і застосування простого стилю", "5.1.Визначення і застосування простого стилю\5.1.Визначення і застосування простого стилю.csproj", "{DD90B405-96E6-4F55-A189-305E4609A5FE}"
EndProject
Project("{FAE04EC0-301F-11D3-BF4B-00C04F79EFBC}") = "5.2.Теж саме з визначенням стиля в контейнері", "5.2.Теж саме з визначенням стиля в контейнері\5.2.Теж саме з визначенням стиля в контейнері.csproj", "{4EAFE654-267E-41F3-B69E-CCAB4D52D304}"
EndProject
Project("{FAE04EC0-301F-11D3-BF4B-00C04F79EFBC}") = "5.3.Теж саме звизначенням стилю в App.xaml", "5.3.Теж саме звизначенням стилю в App.xaml\5.3.Теж саме звизначенням стилю в App.xaml.csproj", "{0235BE40-B43F-43B8-AF61-6D7DFABBBA5B}"
EndProject
Project("{FAE04EC0-301F-11D3-BF4B-00C04F79EFBC}") = "5.4.Визначення стилю з використанням складної властивості", "5.4.Визначення стилю з використанням складної властивості\5.4.Визначення стилю з використанням складної властивості.csproj", "{A9519128-92B1-4FFA-B24F-6D1246F9DA0C}"
EndProject
Project("{FAE04EC0-301F-11D3-BF4B-00C04F79EFBC}") = "5.6.Ще обробник визначений в стилі", "5.6.Ще обробник визначений в стилі\5.6.Ще обробник визначений в стилі.csproj", "{20A7D067-495A-472C-8356-532FACBE1EB8}"
EndProject
Project("{FAE04EC0-301F-11D3-BF4B-00C04F79EFBC}") = "5.7.Наслідування стиля", "5.7.Наслідування стиля\5.7.Наслідування стиля.csproj", "{2874F634-1C48-4A07-BC4F-37F973F0DF45}"
EndProject
Project("{FAE04EC0-301F-11D3-BF4B-00C04F79EFBC}") = "5.8.Автоматичне застосування стиля", "5.8.Автоматичне застосування стиля\5.8.Автоматичне застосування стиля.csproj", "{9388F451-5457-42FD-9983-8F29C0DC05B8}"
EndProject
Project("{FAE04EC0-301F-11D3-BF4B-00C04F79EFBC}") = "5.9.Теж саме з тригером дляTextBox", "5.9.Теж саме з тригером дляTextBox\5.9.Теж саме з тригером дляTextBox.csproj", "{A135E362-2907-435A-9B8B-2FB52757F459}"
EndProject
Project("{FAE04EC0-301F-11D3-BF4B-00C04F79EFBC}") = "5.10.Теж з мультитригером", "5.10.Теж з мультитригером\5.10.Теж з мультитригером.csproj", "{AAD0CFC3-6F09-45C5-BA3F-DE22E6A034CC}"
EndProject
Project("{FAE04EC0-301F-11D3-BF4B-00C04F79EFBC}") = "5.11.Визначення стилів в коді", "5.11.Визначення стилів в коді\5.11.Визначення стилів в коді.csproj", "{D543D065-BCB3-4943-B9AD-E3D0EB794BA4}"
EndProject
Project("{FAE04EC0-301F-11D3-BF4B-00C04F79EFBC}") = "5.0.Локальне визначення стилю", "50 Локальне визначення стилю\5.0.Локальне визначення стилю.csproj", "{068A4E6F-AC72-4DAF-87D5-D86D80B03403}"
EndProject
Project("{FAE04EC0-301F-11D3-BF4B-00C04F79EFBC}") = "5.5.Визначення обробника в стилі", "55 Визначення обробника в стилі\5.5.Визначення обробника в стилі.csproj", "{441B985F-195F-406C-9F53-AC3D047792BE}"
EndProject
Project("{FAE04EC0-301F-11D3-BF4B-00C04F79EFBC}") = "5.12. Використання шаблонів", "512 Використання шаблонів\5.12. Використання шаблонів.csproj", "{6BC140FA-1274-4AC8-95FB-5E50F6C2A2C0}"
EndProject
Project("{FAE04EC0-301F-11D3-BF4B-00C04F79EFBC}") = "4.7.Невизначений індикатор прогресу", "47Невизначений індикатор прогресу\4.7.Невизначений індикатор прогресу.csproj", "{E89B1380-769F-49A1-8072-9E532397D88E}"
EndProject
Project("{FAE04EC0-301F-11D3-BF4B-00C04F79EFBC}") = "4.6.Slider 4 RGB", "46Slider 4 RGB\4.6.Slider 4 RGB.csproj", "{7A08A461-127B-4AF1-8D46-0C79835E3571}"
EndProject
Project("{FAE04EC0-301F-11D3-BF4B-00C04F79EFBC}") = "5.13.Визначення шаблона в самому елементі", "513 Визначення шаблона в самому елементі\5.13.Визначення шаблона в самому елементі.csproj", "{A871FA8C-3362-4093-9C02-4885151DBA4B}"
EndProject
Project("{FAE04EC0-301F-11D3-BF4B-00C04F79EFBC}") = "4.2.CheckBox", "42 CheckBox\4.2.CheckBox.csproj", "{6D25F77A-C9A3-43B3-8221-7D93E3DA480B}"
EndProject
Project("{FAE04EC0-301F-11D3-BF4B-00C04F79EFBC}") = "4.2.RadioButton", "42 RadioButton\4.2.RadioButton.csproj", "{9AF15D7E-741B-4C2E-AA17-65091572F720}"
EndProject
Project("{FAE04EC0-301F-11D3-BF4B-00C04F79EFBC}") = "4.2.RadioButton in code", "42 RAdioButton in code\4.2.RadioButton in code.csproj", "{D6E98831-7860-4FC4-870E-58D1BD53819C}"
EndProject
Project("{FAE04EC0-301F-11D3-BF4B-00C04F79EFBC}") = "4.2.CheckBox in code", "42 CheckBox in code\4.2.CheckBox in code.csproj", "{F153645C-31E1-4E21-82DC-58B1E7572070}"
EndProject
Project("{FAE04EC0-301F-11D3-BF4B-00C04F79EFBC}") = "2.2 .Форма з кнопкою і обробником події", "22 Форма з кнопкою і обробником події\2.2 .Форма з кнопкою і обробником події.csproj", "{7AE190FE-1BFF-44B3-9595-AE1CD0C26978}"
EndProject
Project("{FAE04EC0-301F-11D3-BF4B-00C04F79EFBC}") = "6.1.Простий приклад привязки (TextBox toTextBlock)", "61 Простий приклад привязки (TextBox toTextBlock)\6.1.Простий приклад привязки (TextBox toTextBlock).csproj", "{1F8770CC-A7E0-43B7-A756-03155650C95E}"
EndProject
Project("{FAE04EC0-301F-11D3-BF4B-00C04F79EFBC}") = "6.2.Створення привязки в коді", "62 Створення привязки в коді\6.2.Створення привязки в коді.csproj", "{2280E93C-8FCF-4062-A853-E92E2B83D254}"
EndProject
Project("{FAE04EC0-301F-11D3-BF4B-00C04F79EFBC}") = "6.3.Вибір кольору за допомогою ComboBox", "63 Вибір кольору за допомогою ComboBox\6.3.Вибір кольору за допомогою ComboBox.csproj", "{39B86337-3E6D-4665-9E14-2B6D8056E8D2}"
EndProject
Project("{FAE04EC0-301F-11D3-BF4B-00C04F79EFBC}") = "6.4.Альтернативний спосіб привязки в xaml", "64 Альтернативний спосіб привязки в xaml\6.4.Альтернативний спосіб привязки в xaml.csproj", "{B1536BD4-FE67-4316-B916-CF0A3182B7CC}"
EndProject
Project("{FAE04EC0-301F-11D3-BF4B-00C04F79EFBC}") = "6.5.Простий приклад двонаправленого звязку", "65 Простий приклад двонаправленого звязку\6.5.Простий приклад двонаправленого звязку.csproj", "{175A6E2E-FA7B-444B-8CC4-AE053D1E61CB}"
EndProject
Project("{FAE04EC0-301F-11D3-BF4B-00C04F79EFBC}") = "6.6.Привязка статичних обєктів", "66 Привязка статичних обєктів\6.6.Привязка статичних обєктів.csproj", "{2EB5D8BE-B3D6-4120-8606-4BE47B16954B}"
EndProject
Project("{FAE04EC0-301F-11D3-BF4B-00C04F79EFBC}") = "6.7.Привязка статичних ресурсів", "67 Привязка статичних ресурсів\6.7.Привязка статичних ресурсів.csproj", "{5F125A1E-4072-406B-B919-5DBEEFC6E17D}"
EndProject
Project("{FAE04EC0-301F-11D3-BF4B-00C04F79EFBC}") = "6.8.Звязок в самому елементі (поле що змінює свій фон)", "68 Звязок в самому елементі (поле що змінює свій фон)\6.8.Звязок в самому елементі (поле що змінює свій фон).csproj", "{724E575B-32D0-4EF9-8784-FE841356F05B}"
EndProject
Project("{FAE04EC0-301F-11D3-BF4B-00C04F79EFBC}") = "6,9.Привязка до властивостей контейнера", "69 Привязка до властивостей контейнера\6,9.Привязка до властивостей контейнера.csproj", "{2B8545E6-1954-452D-8CA9-577C643266A6}"
EndProject
Project("{FAE04EC0-301F-11D3-BF4B-00C04F79EFBC}") = "6.10.Теж саме з іншим синтаксисом", "610 Теж саме з іншим синтаксисом\6.10.Теж саме з іншим синтаксисом.csproj", "{703D20A1-36D3-490F-8DF3-3A46290956FC}"
EndProject
Project("{FAE04EC0-301F-11D3-BF4B-00C04F79EFBC}") = "6.11.Привязка обєкта в коді", "611 Привязка обєкта в коді\6.11.Привязка обєкта в коді.csproj", "{A704EEED-8D32-44AA-9358-51E3684C7052}"
EndProject
Project("{FAE04EC0-301F-11D3-BF4B-00C04F79EFBC}") = "6.12.Привязка обєкта в xaml", "612 Привязка обєкта в xaml\6.12.Привязка обєкта в xaml.csproj", "{37606725-FD77-4DE0-AD95-926EB3DCE283}"
EndProject
Project("{FAE04EC0-301F-11D3-BF4B-00C04F79EFBC}") = "6.13.Привязка списку", "613 Привязка списку\6.13.Привязка списку.csproj", "{B552A9F6-D42E-4A5B-99F9-852EA887A2FD}"
EndProject
Project("{FAE04EC0-301F-11D3-BF4B-00C04F79EFBC}") = "6.14. Ілюстрація використання DataContext", "614 Ілюстрація використання DataContext\6.14. Ілюстрація використання DataContext.csproj", "{2CCF37D9-54AC-4CB5-A754-35488124185C}"
EndProject
Project("{FAE04EC0-301F-11D3-BF4B-00C04F79EFBC}") = "7.1.Кнопка з командою", "71 Кнопка з командою\7.1.Кнопка з командою.csproj", "{41ACF7E9-02B1-4DEA-831C-4D28441A66FD}"
EndProject
Project("{FAE04EC0-301F-11D3-BF4B-00C04F79EFBC}") = "7.2.Теж саме з привязкою в коді", "72 Теж саме з привязкою в коді\7.2.Теж саме з привязкою в коді.csproj", "{8D2FD8EF-9709-4AFE-AFB5-12E731CEFB11}"
EndProject
Project("{FAE04EC0-301F-11D3-BF4B-00C04F79EFBC}") = "7.3.Привязка в меню команд", "73 Привязка в меню команд\7.3.Привязка в меню команд.csproj", "{15FFB014-92CC-480E-B79B-04DF6A7C98C0}"
EndProject
Project("{FAE04EC0-301F-11D3-BF4B-00C04F79EFBC}") = "7.4.Теж саме з ToolBar", "74 Теж саме з ToolBar\7.4.Теж саме з ToolBar.csproj", "{2B4E3845-F40D-4439-90BA-F95F57849664}"
EndProject
Project("{FAE04EC0-301F-11D3-BF4B-00C04F79EFBC}") = "7.5.Теж саме з контекстним меню", "75 Теж саме з контекстним меню\7.5.Теж саме з контекстним меню.csproj", "{03C0E5EA-8992-423C-AF64-1CE6287ABF56}"
EndProject
Project("{FAE04EC0-301F-11D3-BF4B-00C04F79EFBC}") = "7.6.Запуск команди з обробника події", "76 Запуск команди з обробника події\7.6.Запуск команди з обробника події.csproj", "{BA10D261-9419-432D-B839-87A81D43F8DF}"
EndProject
Project("{FAE04EC0-301F-11D3-BF4B-00C04F79EFBC}") = "7.7.Відключення команд", "77 Відключення команд\7.7.Відключення команд.csproj", "{784AA7C1-0C53-4E96-A99D-11B78420707B}"
EndProject
Project("{FAE04EC0-301F-11D3-BF4B-00C04F79EFBC}") = "7.0.Створення RoutedCommand", "70 Інтерфейс ICommand\7.0.Створення RoutedCommand.csproj", "{822463E4-F95F-4B1B-B411-129B1D4673EA}"
EndProject
Project("{FAE04EC0-301F-11D3-BF4B-00C04F79EFBC}") = "7.0.Створення RoutedCommand чисто в коді", "70 Створення RoutedCommand чисто в коді\7.0.Створення RoutedCommand чисто в коді.csproj", "{879934D0-89B0-4741-B6E8-C37EE52ABAEF}"
EndProject
Project("{FAE04EC0-301F-11D3-BF4B-00C04F79EFBC}") = "7.0.Імплементація ICommand", "70 Імплементація ICommand\7.0.Імплементація ICommand.csproj", "{E37AF331-40F9-47D6-8EC3-BF8F63149223}"
EndProject
Global
	GlobalSection(SolutionConfigurationPlatforms) = preSolution
		Debug|Any CPU = Debug|Any CPU
		Release|Any CPU = Release|Any CPU
	EndGlobalSection
	GlobalSection(ProjectConfigurationPlatforms) = postSolution
		{5FDA8978-583A-403B-9A74-F31BA7B12D29}.Debug|Any CPU.ActiveCfg = Debug|Any CPU
		{5FDA8978-583A-403B-9A74-F31BA7B12D29}.Debug|Any CPU.Build.0 = Debug|Any CPU
		{5FDA8978-583A-403B-9A74-F31BA7B12D29}.Release|Any CPU.ActiveCfg = Release|Any CPU
		{5FDA8978-583A-403B-9A74-F31BA7B12D29}.Release|Any CPU.Build.0 = Release|Any CPU
		{7F9F853B-340F-4272-AFE1-34DA8CBD4A68}.Debug|Any CPU.ActiveCfg = Debug|Any CPU
		{7F9F853B-340F-4272-AFE1-34DA8CBD4A68}.Debug|Any CPU.Build.0 = Debug|Any CPU
		{7F9F853B-340F-4272-AFE1-34DA8CBD4A68}.Release|Any CPU.ActiveCfg = Release|Any CPU
		{7F9F853B-340F-4272-AFE1-34DA8CBD4A68}.Release|Any CPU.Build.0 = Release|Any CPU
		{3F243BE5-475D-4EF8-81F8-4ED95B78DDC0}.Debug|Any CPU.ActiveCfg = Debug|Any CPU
		{3F243BE5-475D-4EF8-81F8-4ED95B78DDC0}.Debug|Any CPU.Build.0 = Debug|Any CPU
		{3F243BE5-475D-4EF8-81F8-4ED95B78DDC0}.Release|Any CPU.ActiveCfg = Release|Any CPU
		{3F243BE5-475D-4EF8-81F8-4ED95B78DDC0}.Release|Any CPU.Build.0 = Release|Any CPU
		{3DB1DDB8-4067-4E5B-88F7-20417BA57200}.Debug|Any CPU.ActiveCfg = Debug|Any CPU
		{3DB1DDB8-4067-4E5B-88F7-20417BA57200}.Debug|Any CPU.Build.0 = Debug|Any CPU
		{3DB1DDB8-4067-4E5B-88F7-20417BA57200}.Release|Any CPU.ActiveCfg = Release|Any CPU
		{3DB1DDB8-4067-4E5B-88F7-20417BA57200}.Release|Any CPU.Build.0 = Release|Any CPU
		{13092D21-6745-4169-B70C-8EE2CECE1D1A}.Debug|Any CPU.ActiveCfg = Debug|Any CPU
		{13092D21-6745-4169-B70C-8EE2CECE1D1A}.Debug|Any CPU.Build.0 = Debug|Any CPU
		{13092D21-6745-4169-B70C-8EE2CECE1D1A}.Release|Any CPU.ActiveCfg = Release|Any CPU
		{13092D21-6745-4169-B70C-8EE2CECE1D1A}.Release|Any CPU.Build.0 = Release|Any CPU
		{D1C6F638-33B0-4718-8CFC-4BF404A52FFC}.Debug|Any CPU.ActiveCfg = Debug|Any CPU
		{D1C6F638-33B0-4718-8CFC-4BF404A52FFC}.Debug|Any CPU.Build.0 = Debug|Any CPU
		{D1C6F638-33B0-4718-8CFC-4BF404A52FFC}.Release|Any CPU.ActiveCfg = Release|Any CPU
		{D1C6F638-33B0-4718-8CFC-4BF404A52FFC}.Release|Any CPU.Build.0 = Release|Any CPU
		{E838D462-A0F4-401C-A5A9-71AFDAE7C598}.Debug|Any CPU.ActiveCfg = Debug|Any CPU
		{E838D462-A0F4-401C-A5A9-71AFDAE7C598}.Debug|Any CPU.Build.0 = Debug|Any CPU
		{E838D462-A0F4-401C-A5A9-71AFDAE7C598}.Release|Any CPU.ActiveCfg = Release|Any CPU
		{E838D462-A0F4-401C-A5A9-71AFDAE7C598}.Release|Any CPU.Build.0 = Release|Any CPU
		{98512A4C-CF97-4049-A3F1-A90E44EC02E0}.Debug|Any CPU.ActiveCfg = Debug|Any CPU
		{98512A4C-CF97-4049-A3F1-A90E44EC02E0}.Debug|Any CPU.Build.0 = Debug|Any CPU
		{98512A4C-CF97-4049-A3F1-A90E44EC02E0}.Release|Any CPU.ActiveCfg = Release|Any CPU
		{98512A4C-CF97-4049-A3F1-A90E44EC02E0}.Release|Any CPU.Build.0 = Release|Any CPU
		{1393081E-5BC6-4B89-897A-94BB9A987517}.Debug|Any CPU.ActiveCfg = Debug|Any CPU
		{1393081E-5BC6-4B89-897A-94BB9A987517}.Debug|Any CPU.Build.0 = Debug|Any CPU
		{1393081E-5BC6-4B89-897A-94BB9A987517}.Release|Any CPU.ActiveCfg = Release|Any CPU
		{1393081E-5BC6-4B89-897A-94BB9A987517}.Release|Any CPU.Build.0 = Release|Any CPU
		{BE3C9560-4D8D-4571-9D8A-26E490B7D131}.Debug|Any CPU.ActiveCfg = Debug|Any CPU
		{BE3C9560-4D8D-4571-9D8A-26E490B7D131}.Debug|Any CPU.Build.0 = Debug|Any CPU
		{BE3C9560-4D8D-4571-9D8A-26E490B7D131}.Release|Any CPU.ActiveCfg = Release|Any CPU
		{BE3C9560-4D8D-4571-9D8A-26E490B7D131}.Release|Any CPU.Build.0 = Release|Any CPU
		{B218EDFF-9AC9-42EF-8452-127F364B8A8A}.Debug|Any CPU.ActiveCfg = Debug|Any CPU
		{B218EDFF-9AC9-42EF-8452-127F364B8A8A}.Debug|Any CPU.Build.0 = Debug|Any CPU
		{B218EDFF-9AC9-42EF-8452-127F364B8A8A}.Release|Any CPU.ActiveCfg = Release|Any CPU
		{B218EDFF-9AC9-42EF-8452-127F364B8A8A}.Release|Any CPU.Build.0 = Release|Any CPU
		{13BA39E0-6DCC-4A38-B31E-72FB15A2B173}.Debug|Any CPU.ActiveCfg = Debug|Any CPU
		{13BA39E0-6DCC-4A38-B31E-72FB15A2B173}.Debug|Any CPU.Build.0 = Debug|Any CPU
		{13BA39E0-6DCC-4A38-B31E-72FB15A2B173}.Release|Any CPU.ActiveCfg = Release|Any CPU
		{13BA39E0-6DCC-4A38-B31E-72FB15A2B173}.Release|Any CPU.Build.0 = Release|Any CPU
		{C1573873-FAF6-4374-85D0-A9DD26740CFF}.Debug|Any CPU.ActiveCfg = Debug|Any CPU
		{C1573873-FAF6-4374-85D0-A9DD26740CFF}.Debug|Any CPU.Build.0 = Debug|Any CPU
		{C1573873-FAF6-4374-85D0-A9DD26740CFF}.Release|Any CPU.ActiveCfg = Release|Any CPU
		{C1573873-FAF6-4374-85D0-A9DD26740CFF}.Release|Any CPU.Build.0 = Release|Any CPU
		{E051DA37-2ADA-4133-B81D-CD95F06C7665}.Debug|Any CPU.ActiveCfg = Debug|Any CPU
		{E051DA37-2ADA-4133-B81D-CD95F06C7665}.Debug|Any CPU.Build.0 = Debug|Any CPU
		{E051DA37-2ADA-4133-B81D-CD95F06C7665}.Release|Any CPU.ActiveCfg = Release|Any CPU
		{E051DA37-2ADA-4133-B81D-CD95F06C7665}.Release|Any CPU.Build.0 = Release|Any CPU
		{CD263457-D242-4112-825E-0569A5750795}.Debug|Any CPU.ActiveCfg = Debug|Any CPU
		{CD263457-D242-4112-825E-0569A5750795}.Debug|Any CPU.Build.0 = Debug|Any CPU
		{CD263457-D242-4112-825E-0569A5750795}.Release|Any CPU.ActiveCfg = Release|Any CPU
		{CD263457-D242-4112-825E-0569A5750795}.Release|Any CPU.Build.0 = Release|Any CPU
		{6659750B-B6B4-4482-BB38-C7306F443ED8}.Debug|Any CPU.ActiveCfg = Debug|Any CPU
		{6659750B-B6B4-4482-BB38-C7306F443ED8}.Debug|Any CPU.Build.0 = Debug|Any CPU
		{6659750B-B6B4-4482-BB38-C7306F443ED8}.Release|Any CPU.ActiveCfg = Release|Any CPU
		{6659750B-B6B4-4482-BB38-C7306F443ED8}.Release|Any CPU.Build.0 = Release|Any CPU
		{0002ABED-CFC2-470B-BCD2-05714A8DF4BA}.Debug|Any CPU.ActiveCfg = Debug|Any CPU
		{0002ABED-CFC2-470B-BCD2-05714A8DF4BA}.Debug|Any CPU.Build.0 = Debug|Any CPU
		{0002ABED-CFC2-470B-BCD2-05714A8DF4BA}.Release|Any CPU.ActiveCfg = Release|Any CPU
		{0002ABED-CFC2-470B-BCD2-05714A8DF4BA}.Release|Any CPU.Build.0 = Release|Any CPU
		{DAD5CAD2-E874-4154-9575-DE25C87A6F30}.Debug|Any CPU.ActiveCfg = Debug|Any CPU
		{DAD5CAD2-E874-4154-9575-DE25C87A6F30}.Debug|Any CPU.Build.0 = Debug|Any CPU
		{DAD5CAD2-E874-4154-9575-DE25C87A6F30}.Release|Any CPU.ActiveCfg = Release|Any CPU
		{DAD5CAD2-E874-4154-9575-DE25C87A6F30}.Release|Any CPU.Build.0 = Release|Any CPU
		{68586684-703E-4D95-915F-54AA99C32A00}.Debug|Any CPU.ActiveCfg = Debug|Any CPU
		{68586684-703E-4D95-915F-54AA99C32A00}.Debug|Any CPU.Build.0 = Debug|Any CPU
		{68586684-703E-4D95-915F-54AA99C32A00}.Release|Any CPU.ActiveCfg = Release|Any CPU
		{68586684-703E-4D95-915F-54AA99C32A00}.Release|Any CPU.Build.0 = Release|Any CPU
		{D6546653-1603-49D3-A0D3-F53119D5D0E5}.Debug|Any CPU.ActiveCfg = Debug|Any CPU
		{D6546653-1603-49D3-A0D3-F53119D5D0E5}.Debug|Any CPU.Build.0 = Debug|Any CPU
		{D6546653-1603-49D3-A0D3-F53119D5D0E5}.Release|Any CPU.ActiveCfg = Release|Any CPU
		{D6546653-1603-49D3-A0D3-F53119D5D0E5}.Release|Any CPU.Build.0 = Release|Any CPU
		{6AC20749-8570-4460-912D-349D8CB32163}.Debug|Any CPU.ActiveCfg = Debug|Any CPU
		{6AC20749-8570-4460-912D-349D8CB32163}.Debug|Any CPU.Build.0 = Debug|Any CPU
		{6AC20749-8570-4460-912D-349D8CB32163}.Release|Any CPU.ActiveCfg = Release|Any CPU
		{6AC20749-8570-4460-912D-349D8CB32163}.Release|Any CPU.Build.0 = Release|Any CPU
		{5792931D-D022-4665-A407-DE0F13BBE5ED}.Debug|Any CPU.ActiveCfg = Debug|Any CPU
		{5792931D-D022-4665-A407-DE0F13BBE5ED}.Debug|Any CPU.Build.0 = Debug|Any CPU
		{5792931D-D022-4665-A407-DE0F13BBE5ED}.Release|Any CPU.ActiveCfg = Release|Any CPU
		{5792931D-D022-4665-A407-DE0F13BBE5ED}.Release|Any CPU.Build.0 = Release|Any CPU
		{7A4F600A-B823-4C88-961C-D0869F499BEB}.Debug|Any CPU.ActiveCfg = Debug|Any CPU
		{7A4F600A-B823-4C88-961C-D0869F499BEB}.Debug|Any CPU.Build.0 = Debug|Any CPU
		{7A4F600A-B823-4C88-961C-D0869F499BEB}.Release|Any CPU.ActiveCfg = Release|Any CPU
		{7A4F600A-B823-4C88-961C-D0869F499BEB}.Release|Any CPU.Build.0 = Release|Any CPU
		{D8078ED8-B594-4846-8580-0F6FE2121183}.Debug|Any CPU.ActiveCfg = Debug|Any CPU
		{D8078ED8-B594-4846-8580-0F6FE2121183}.Debug|Any CPU.Build.0 = Debug|Any CPU
		{D8078ED8-B594-4846-8580-0F6FE2121183}.Release|Any CPU.ActiveCfg = Release|Any CPU
		{D8078ED8-B594-4846-8580-0F6FE2121183}.Release|Any CPU.Build.0 = Release|Any CPU
		{2F4CBC10-F6D7-4E58-ABAF-34024F4722BB}.Debug|Any CPU.ActiveCfg = Debug|Any CPU
		{2F4CBC10-F6D7-4E58-ABAF-34024F4722BB}.Debug|Any CPU.Build.0 = Debug|Any CPU
		{2F4CBC10-F6D7-4E58-ABAF-34024F4722BB}.Release|Any CPU.ActiveCfg = Release|Any CPU
		{2F4CBC10-F6D7-4E58-ABAF-34024F4722BB}.Release|Any CPU.Build.0 = Release|Any CPU
		{280D6B31-E5EA-4619-B2E8-16EDB405D02D}.Debug|Any CPU.ActiveCfg = Debug|Any CPU
		{280D6B31-E5EA-4619-B2E8-16EDB405D02D}.Debug|Any CPU.Build.0 = Debug|Any CPU
		{280D6B31-E5EA-4619-B2E8-16EDB405D02D}.Release|Any CPU.ActiveCfg = Release|Any CPU
		{280D6B31-E5EA-4619-B2E8-16EDB405D02D}.Release|Any CPU.Build.0 = Release|Any CPU
		{9BB3B1F2-BFFE-465F-8A88-6F1D4A29F2D0}.Debug|Any CPU.ActiveCfg = Debug|Any CPU
		{9BB3B1F2-BFFE-465F-8A88-6F1D4A29F2D0}.Debug|Any CPU.Build.0 = Debug|Any CPU
		{9BB3B1F2-BFFE-465F-8A88-6F1D4A29F2D0}.Release|Any CPU.ActiveCfg = Release|Any CPU
		{9BB3B1F2-BFFE-465F-8A88-6F1D4A29F2D0}.Release|Any CPU.Build.0 = Release|Any CPU
		{AD9D1051-00C6-4448-86A3-C5F28B1B9CAA}.Debug|Any CPU.ActiveCfg = Debug|Any CPU
		{AD9D1051-00C6-4448-86A3-C5F28B1B9CAA}.Debug|Any CPU.Build.0 = Debug|Any CPU
		{AD9D1051-00C6-4448-86A3-C5F28B1B9CAA}.Release|Any CPU.ActiveCfg = Release|Any CPU
		{AD9D1051-00C6-4448-86A3-C5F28B1B9CAA}.Release|Any CPU.Build.0 = Release|Any CPU
		{5D38F500-F869-4DEE-A01F-0D5959998417}.Debug|Any CPU.ActiveCfg = Debug|Any CPU
		{5D38F500-F869-4DEE-A01F-0D5959998417}.Debug|Any CPU.Build.0 = Debug|Any CPU
		{5D38F500-F869-4DEE-A01F-0D5959998417}.Release|Any CPU.ActiveCfg = Release|Any CPU
		{5D38F500-F869-4DEE-A01F-0D5959998417}.Release|Any CPU.Build.0 = Release|Any CPU
		{B2A6BB92-C4B3-460E-B0C2-463514DB09B9}.Debug|Any CPU.ActiveCfg = Debug|Any CPU
		{B2A6BB92-C4B3-460E-B0C2-463514DB09B9}.Debug|Any CPU.Build.0 = Debug|Any CPU
		{B2A6BB92-C4B3-460E-B0C2-463514DB09B9}.Release|Any CPU.ActiveCfg = Release|Any CPU
		{B2A6BB92-C4B3-460E-B0C2-463514DB09B9}.Release|Any CPU.Build.0 = Release|Any CPU
		{FD6BECF8-EF58-4D94-9C9F-67C37CAE8D10}.Debug|Any CPU.ActiveCfg = Debug|Any CPU
		{FD6BECF8-EF58-4D94-9C9F-67C37CAE8D10}.Debug|Any CPU.Build.0 = Debug|Any CPU
		{FD6BECF8-EF58-4D94-9C9F-67C37CAE8D10}.Release|Any CPU.ActiveCfg = Release|Any CPU
		{FD6BECF8-EF58-4D94-9C9F-67C37CAE8D10}.Release|Any CPU.Build.0 = Release|Any CPU
		{07E7BC56-459A-48FC-BC43-88D641942F7E}.Debug|Any CPU.ActiveCfg = Debug|Any CPU
		{07E7BC56-459A-48FC-BC43-88D641942F7E}.Debug|Any CPU.Build.0 = Debug|Any CPU
		{07E7BC56-459A-48FC-BC43-88D641942F7E}.Release|Any CPU.ActiveCfg = Release|Any CPU
		{07E7BC56-459A-48FC-BC43-88D641942F7E}.Release|Any CPU.Build.0 = Release|Any CPU
		{B0A19F8B-464A-49E0-A00B-D9A949F000C7}.Debug|Any CPU.ActiveCfg = Debug|Any CPU
		{B0A19F8B-464A-49E0-A00B-D9A949F000C7}.Debug|Any CPU.Build.0 = Debug|Any CPU
		{B0A19F8B-464A-49E0-A00B-D9A949F000C7}.Release|Any CPU.ActiveCfg = Release|Any CPU
		{B0A19F8B-464A-49E0-A00B-D9A949F000C7}.Release|Any CPU.Build.0 = Release|Any CPU
		{0FF889E2-79F6-4338-A951-896DB04F554F}.Debug|Any CPU.ActiveCfg = Debug|Any CPU
		{0FF889E2-79F6-4338-A951-896DB04F554F}.Debug|Any CPU.Build.0 = Debug|Any CPU
		{0FF889E2-79F6-4338-A951-896DB04F554F}.Release|Any CPU.ActiveCfg = Release|Any CPU
		{0FF889E2-79F6-4338-A951-896DB04F554F}.Release|Any CPU.Build.0 = Release|Any CPU
		{BA9128CC-3500-48D2-AE38-B78B6BEBC264}.Debug|Any CPU.ActiveCfg = Debug|Any CPU
		{BA9128CC-3500-48D2-AE38-B78B6BEBC264}.Debug|Any CPU.Build.0 = Debug|Any CPU
		{BA9128CC-3500-48D2-AE38-B78B6BEBC264}.Release|Any CPU.ActiveCfg = Release|Any CPU
		{BA9128CC-3500-48D2-AE38-B78B6BEBC264}.Release|Any CPU.Build.0 = Release|Any CPU
		{6717ACD0-DD53-4819-82CD-4EFF9E034B46}.Debug|Any CPU.ActiveCfg = Debug|Any CPU
		{6717ACD0-DD53-4819-82CD-4EFF9E034B46}.Debug|Any CPU.Build.0 = Debug|Any CPU
		{6717ACD0-DD53-4819-82CD-4EFF9E034B46}.Release|Any CPU.ActiveCfg = Release|Any CPU
		{6717ACD0-DD53-4819-82CD-4EFF9E034B46}.Release|Any CPU.Build.0 = Release|Any CPU
		{F6AE6D90-1D2B-4B73-9B56-4437632BC0F9}.Debug|Any CPU.ActiveCfg = Debug|Any CPU
		{F6AE6D90-1D2B-4B73-9B56-4437632BC0F9}.Debug|Any CPU.Build.0 = Debug|Any CPU
		{F6AE6D90-1D2B-4B73-9B56-4437632BC0F9}.Release|Any CPU.ActiveCfg = Release|Any CPU
		{F6AE6D90-1D2B-4B73-9B56-4437632BC0F9}.Release|Any CPU.Build.0 = Release|Any CPU
		{32B12ED9-6403-4231-9A4F-9F8CBBFE92E9}.Debug|Any CPU.ActiveCfg = Debug|Any CPU
		{32B12ED9-6403-4231-9A4F-9F8CBBFE92E9}.Debug|Any CPU.Build.0 = Debug|Any CPU
		{32B12ED9-6403-4231-9A4F-9F8CBBFE92E9}.Release|Any CPU.ActiveCfg = Release|Any CPU
		{32B12ED9-6403-4231-9A4F-9F8CBBFE92E9}.Release|Any CPU.Build.0 = Release|Any CPU
		{F27A341B-81B6-45A7-83CF-309D87CC2536}.Debug|Any CPU.ActiveCfg = Debug|Any CPU
		{F27A341B-81B6-45A7-83CF-309D87CC2536}.Debug|Any CPU.Build.0 = Debug|Any CPU
		{F27A341B-81B6-45A7-83CF-309D87CC2536}.Release|Any CPU.ActiveCfg = Release|Any CPU
		{F27A341B-81B6-45A7-83CF-309D87CC2536}.Release|Any CPU.Build.0 = Release|Any CPU
		{FE5640AB-0176-4B78-B511-95F5FAF687CF}.Debug|Any CPU.ActiveCfg = Debug|Any CPU
		{FE5640AB-0176-4B78-B511-95F5FAF687CF}.Debug|Any CPU.Build.0 = Debug|Any CPU
		{FE5640AB-0176-4B78-B511-95F5FAF687CF}.Release|Any CPU.ActiveCfg = Release|Any CPU
		{FE5640AB-0176-4B78-B511-95F5FAF687CF}.Release|Any CPU.Build.0 = Release|Any CPU
		{51158CE3-B6E5-4653-8C0E-2B961E36BB62}.Debug|Any CPU.ActiveCfg = Debug|Any CPU
		{51158CE3-B6E5-4653-8C0E-2B961E36BB62}.Debug|Any CPU.Build.0 = Debug|Any CPU
		{51158CE3-B6E5-4653-8C0E-2B961E36BB62}.Release|Any CPU.ActiveCfg = Release|Any CPU
		{51158CE3-B6E5-4653-8C0E-2B961E36BB62}.Release|Any CPU.Build.0 = Release|Any CPU
		{DD90B405-96E6-4F55-A189-305E4609A5FE}.Debug|Any CPU.ActiveCfg = Debug|Any CPU
		{DD90B405-96E6-4F55-A189-305E4609A5FE}.Debug|Any CPU.Build.0 = Debug|Any CPU
		{DD90B405-96E6-4F55-A189-305E4609A5FE}.Release|Any CPU.ActiveCfg = Release|Any CPU
		{DD90B405-96E6-4F55-A189-305E4609A5FE}.Release|Any CPU.Build.0 = Release|Any CPU
		{4EAFE654-267E-41F3-B69E-CCAB4D52D304}.Debug|Any CPU.ActiveCfg = Debug|Any CPU
		{4EAFE654-267E-41F3-B69E-CCAB4D52D304}.Debug|Any CPU.Build.0 = Debug|Any CPU
		{4EAFE654-267E-41F3-B69E-CCAB4D52D304}.Release|Any CPU.ActiveCfg = Release|Any CPU
		{4EAFE654-267E-41F3-B69E-CCAB4D52D304}.Release|Any CPU.Build.0 = Release|Any CPU
		{0235BE40-B43F-43B8-AF61-6D7DFABBBA5B}.Debug|Any CPU.ActiveCfg = Debug|Any CPU
		{0235BE40-B43F-43B8-AF61-6D7DFABBBA5B}.Debug|Any CPU.Build.0 = Debug|Any CPU
		{0235BE40-B43F-43B8-AF61-6D7DFABBBA5B}.Release|Any CPU.ActiveCfg = Release|Any CPU
		{0235BE40-B43F-43B8-AF61-6D7DFABBBA5B}.Release|Any CPU.Build.0 = Release|Any CPU
		{A9519128-92B1-4FFA-B24F-6D1246F9DA0C}.Debug|Any CPU.ActiveCfg = Debug|Any CPU
		{A9519128-92B1-4FFA-B24F-6D1246F9DA0C}.Debug|Any CPU.Build.0 = Debug|Any CPU
		{A9519128-92B1-4FFA-B24F-6D1246F9DA0C}.Release|Any CPU.ActiveCfg = Release|Any CPU
		{A9519128-92B1-4FFA-B24F-6D1246F9DA0C}.Release|Any CPU.Build.0 = Release|Any CPU
		{20A7D067-495A-472C-8356-532FACBE1EB8}.Debug|Any CPU.ActiveCfg = Debug|Any CPU
		{20A7D067-495A-472C-8356-532FACBE1EB8}.Debug|Any CPU.Build.0 = Debug|Any CPU
		{20A7D067-495A-472C-8356-532FACBE1EB8}.Release|Any CPU.ActiveCfg = Release|Any CPU
		{20A7D067-495A-472C-8356-532FACBE1EB8}.Release|Any CPU.Build.0 = Release|Any CPU
		{2874F634-1C48-4A07-BC4F-37F973F0DF45}.Debug|Any CPU.ActiveCfg = Debug|Any CPU
		{2874F634-1C48-4A07-BC4F-37F973F0DF45}.Debug|Any CPU.Build.0 = Debug|Any CPU
		{2874F634-1C48-4A07-BC4F-37F973F0DF45}.Release|Any CPU.ActiveCfg = Release|Any CPU
		{2874F634-1C48-4A07-BC4F-37F973F0DF45}.Release|Any CPU.Build.0 = Release|Any CPU
		{9388F451-5457-42FD-9983-8F29C0DC05B8}.Debug|Any CPU.ActiveCfg = Debug|Any CPU
		{9388F451-5457-42FD-9983-8F29C0DC05B8}.Debug|Any CPU.Build.0 = Debug|Any CPU
		{9388F451-5457-42FD-9983-8F29C0DC05B8}.Release|Any CPU.ActiveCfg = Release|Any CPU
		{9388F451-5457-42FD-9983-8F29C0DC05B8}.Release|Any CPU.Build.0 = Release|Any CPU
		{A135E362-2907-435A-9B8B-2FB52757F459}.Debug|Any CPU.ActiveCfg = Debug|Any CPU
		{A135E362-2907-435A-9B8B-2FB52757F459}.Debug|Any CPU.Build.0 = Debug|Any CPU
		{A135E362-2907-435A-9B8B-2FB52757F459}.Release|Any CPU.ActiveCfg = Release|Any CPU
		{A135E362-2907-435A-9B8B-2FB52757F459}.Release|Any CPU.Build.0 = Release|Any CPU
		{AAD0CFC3-6F09-45C5-BA3F-DE22E6A034CC}.Debug|Any CPU.ActiveCfg = Debug|Any CPU
		{AAD0CFC3-6F09-45C5-BA3F-DE22E6A034CC}.Debug|Any CPU.Build.0 = Debug|Any CPU
		{AAD0CFC3-6F09-45C5-BA3F-DE22E6A034CC}.Release|Any CPU.ActiveCfg = Release|Any CPU
		{AAD0CFC3-6F09-45C5-BA3F-DE22E6A034CC}.Release|Any CPU.Build.0 = Release|Any CPU
		{D543D065-BCB3-4943-B9AD-E3D0EB794BA4}.Debug|Any CPU.ActiveCfg = Debug|Any CPU
		{D543D065-BCB3-4943-B9AD-E3D0EB794BA4}.Debug|Any CPU.Build.0 = Debug|Any CPU
		{D543D065-BCB3-4943-B9AD-E3D0EB794BA4}.Release|Any CPU.ActiveCfg = Release|Any CPU
		{D543D065-BCB3-4943-B9AD-E3D0EB794BA4}.Release|Any CPU.Build.0 = Release|Any CPU
		{068A4E6F-AC72-4DAF-87D5-D86D80B03403}.Debug|Any CPU.ActiveCfg = Debug|Any CPU
		{068A4E6F-AC72-4DAF-87D5-D86D80B03403}.Debug|Any CPU.Build.0 = Debug|Any CPU
		{068A4E6F-AC72-4DAF-87D5-D86D80B03403}.Release|Any CPU.ActiveCfg = Release|Any CPU
		{068A4E6F-AC72-4DAF-87D5-D86D80B03403}.Release|Any CPU.Build.0 = Release|Any CPU
		{441B985F-195F-406C-9F53-AC3D047792BE}.Debug|Any CPU.ActiveCfg = Debug|Any CPU
		{441B985F-195F-406C-9F53-AC3D047792BE}.Debug|Any CPU.Build.0 = Debug|Any CPU
		{441B985F-195F-406C-9F53-AC3D047792BE}.Release|Any CPU.ActiveCfg = Release|Any CPU
		{441B985F-195F-406C-9F53-AC3D047792BE}.Release|Any CPU.Build.0 = Release|Any CPU
		{6BC140FA-1274-4AC8-95FB-5E50F6C2A2C0}.Debug|Any CPU.ActiveCfg = Debug|Any CPU
		{6BC140FA-1274-4AC8-95FB-5E50F6C2A2C0}.Debug|Any CPU.Build.0 = Debug|Any CPU
		{6BC140FA-1274-4AC8-95FB-5E50F6C2A2C0}.Release|Any CPU.ActiveCfg = Release|Any CPU
		{6BC140FA-1274-4AC8-95FB-5E50F6C2A2C0}.Release|Any CPU.Build.0 = Release|Any CPU
		{E89B1380-769F-49A1-8072-9E532397D88E}.Debug|Any CPU.ActiveCfg = Debug|Any CPU
		{E89B1380-769F-49A1-8072-9E532397D88E}.Debug|Any CPU.Build.0 = Debug|Any CPU
		{E89B1380-769F-49A1-8072-9E532397D88E}.Release|Any CPU.ActiveCfg = Release|Any CPU
		{E89B1380-769F-49A1-8072-9E532397D88E}.Release|Any CPU.Build.0 = Release|Any CPU
		{7A08A461-127B-4AF1-8D46-0C79835E3571}.Debug|Any CPU.ActiveCfg = Debug|Any CPU
		{7A08A461-127B-4AF1-8D46-0C79835E3571}.Debug|Any CPU.Build.0 = Debug|Any CPU
		{7A08A461-127B-4AF1-8D46-0C79835E3571}.Release|Any CPU.ActiveCfg = Release|Any CPU
		{7A08A461-127B-4AF1-8D46-0C79835E3571}.Release|Any CPU.Build.0 = Release|Any CPU
		{A871FA8C-3362-4093-9C02-4885151DBA4B}.Debug|Any CPU.ActiveCfg = Debug|Any CPU
		{A871FA8C-3362-4093-9C02-4885151DBA4B}.Debug|Any CPU.Build.0 = Debug|Any CPU
		{A871FA8C-3362-4093-9C02-4885151DBA4B}.Release|Any CPU.ActiveCfg = Release|Any CPU
		{A871FA8C-3362-4093-9C02-4885151DBA4B}.Release|Any CPU.Build.0 = Release|Any CPU
		{6D25F77A-C9A3-43B3-8221-7D93E3DA480B}.Debug|Any CPU.ActiveCfg = Debug|Any CPU
		{6D25F77A-C9A3-43B3-8221-7D93E3DA480B}.Debug|Any CPU.Build.0 = Debug|Any CPU
		{6D25F77A-C9A3-43B3-8221-7D93E3DA480B}.Release|Any CPU.ActiveCfg = Release|Any CPU
		{6D25F77A-C9A3-43B3-8221-7D93E3DA480B}.Release|Any CPU.Build.0 = Release|Any CPU
		{9AF15D7E-741B-4C2E-AA17-65091572F720}.Debug|Any CPU.ActiveCfg = Debug|Any CPU
		{9AF15D7E-741B-4C2E-AA17-65091572F720}.Debug|Any CPU.Build.0 = Debug|Any CPU
		{9AF15D7E-741B-4C2E-AA17-65091572F720}.Release|Any CPU.ActiveCfg = Release|Any CPU
		{9AF15D7E-741B-4C2E-AA17-65091572F720}.Release|Any CPU.Build.0 = Release|Any CPU
		{D6E98831-7860-4FC4-870E-58D1BD53819C}.Debug|Any CPU.ActiveCfg = Debug|Any CPU
		{D6E98831-7860-4FC4-870E-58D1BD53819C}.Debug|Any CPU.Build.0 = Debug|Any CPU
		{D6E98831-7860-4FC4-870E-58D1BD53819C}.Release|Any CPU.ActiveCfg = Release|Any CPU
		{D6E98831-7860-4FC4-870E-58D1BD53819C}.Release|Any CPU.Build.0 = Release|Any CPU
		{F153645C-31E1-4E21-82DC-58B1E7572070}.Debug|Any CPU.ActiveCfg = Debug|Any CPU
		{F153645C-31E1-4E21-82DC-58B1E7572070}.Debug|Any CPU.Build.0 = Debug|Any CPU
		{F153645C-31E1-4E21-82DC-58B1E7572070}.Release|Any CPU.ActiveCfg = Release|Any CPU
		{F153645C-31E1-4E21-82DC-58B1E7572070}.Release|Any CPU.Build.0 = Release|Any CPU
		{7AE190FE-1BFF-44B3-9595-AE1CD0C26978}.Debug|Any CPU.ActiveCfg = Debug|Any CPU
		{7AE190FE-1BFF-44B3-9595-AE1CD0C26978}.Debug|Any CPU.Build.0 = Debug|Any CPU
		{7AE190FE-1BFF-44B3-9595-AE1CD0C26978}.Release|Any CPU.ActiveCfg = Release|Any CPU
		{7AE190FE-1BFF-44B3-9595-AE1CD0C26978}.Release|Any CPU.Build.0 = Release|Any CPU
		{1F8770CC-A7E0-43B7-A756-03155650C95E}.Debug|Any CPU.ActiveCfg = Debug|Any CPU
		{1F8770CC-A7E0-43B7-A756-03155650C95E}.Debug|Any CPU.Build.0 = Debug|Any CPU
		{1F8770CC-A7E0-43B7-A756-03155650C95E}.Release|Any CPU.ActiveCfg = Release|Any CPU
		{1F8770CC-A7E0-43B7-A756-03155650C95E}.Release|Any CPU.Build.0 = Release|Any CPU
		{2280E93C-8FCF-4062-A853-E92E2B83D254}.Debug|Any CPU.ActiveCfg = Debug|Any CPU
		{2280E93C-8FCF-4062-A853-E92E2B83D254}.Debug|Any CPU.Build.0 = Debug|Any CPU
		{2280E93C-8FCF-4062-A853-E92E2B83D254}.Release|Any CPU.ActiveCfg = Release|Any CPU
		{2280E93C-8FCF-4062-A853-E92E2B83D254}.Release|Any CPU.Build.0 = Release|Any CPU
		{39B86337-3E6D-4665-9E14-2B6D8056E8D2}.Debug|Any CPU.ActiveCfg = Debug|Any CPU
		{39B86337-3E6D-4665-9E14-2B6D8056E8D2}.Debug|Any CPU.Build.0 = Debug|Any CPU
		{39B86337-3E6D-4665-9E14-2B6D8056E8D2}.Release|Any CPU.ActiveCfg = Release|Any CPU
		{39B86337-3E6D-4665-9E14-2B6D8056E8D2}.Release|Any CPU.Build.0 = Release|Any CPU
		{B1536BD4-FE67-4316-B916-CF0A3182B7CC}.Debug|Any CPU.ActiveCfg = Debug|Any CPU
		{B1536BD4-FE67-4316-B916-CF0A3182B7CC}.Debug|Any CPU.Build.0 = Debug|Any CPU
		{B1536BD4-FE67-4316-B916-CF0A3182B7CC}.Release|Any CPU.ActiveCfg = Release|Any CPU
		{B1536BD4-FE67-4316-B916-CF0A3182B7CC}.Release|Any CPU.Build.0 = Release|Any CPU
		{175A6E2E-FA7B-444B-8CC4-AE053D1E61CB}.Debug|Any CPU.ActiveCfg = Debug|Any CPU
		{175A6E2E-FA7B-444B-8CC4-AE053D1E61CB}.Debug|Any CPU.Build.0 = Debug|Any CPU
		{175A6E2E-FA7B-444B-8CC4-AE053D1E61CB}.Release|Any CPU.ActiveCfg = Release|Any CPU
		{175A6E2E-FA7B-444B-8CC4-AE053D1E61CB}.Release|Any CPU.Build.0 = Release|Any CPU
		{2EB5D8BE-B3D6-4120-8606-4BE47B16954B}.Debug|Any CPU.ActiveCfg = Debug|Any CPU
		{2EB5D8BE-B3D6-4120-8606-4BE47B16954B}.Debug|Any CPU.Build.0 = Debug|Any CPU
		{2EB5D8BE-B3D6-4120-8606-4BE47B16954B}.Release|Any CPU.ActiveCfg = Release|Any CPU
		{2EB5D8BE-B3D6-4120-8606-4BE47B16954B}.Release|Any CPU.Build.0 = Release|Any CPU
		{5F125A1E-4072-406B-B919-5DBEEFC6E17D}.Debug|Any CPU.ActiveCfg = Debug|Any CPU
		{5F125A1E-4072-406B-B919-5DBEEFC6E17D}.Debug|Any CPU.Build.0 = Debug|Any CPU
		{5F125A1E-4072-406B-B919-5DBEEFC6E17D}.Release|Any CPU.ActiveCfg = Release|Any CPU
		{5F125A1E-4072-406B-B919-5DBEEFC6E17D}.Release|Any CPU.Build.0 = Release|Any CPU
		{724E575B-32D0-4EF9-8784-FE841356F05B}.Debug|Any CPU.ActiveCfg = Debug|Any CPU
		{724E575B-32D0-4EF9-8784-FE841356F05B}.Debug|Any CPU.Build.0 = Debug|Any CPU
		{724E575B-32D0-4EF9-8784-FE841356F05B}.Release|Any CPU.ActiveCfg = Release|Any CPU
		{724E575B-32D0-4EF9-8784-FE841356F05B}.Release|Any CPU.Build.0 = Release|Any CPU
		{2B8545E6-1954-452D-8CA9-577C643266A6}.Debug|Any CPU.ActiveCfg = Debug|Any CPU
		{2B8545E6-1954-452D-8CA9-577C643266A6}.Debug|Any CPU.Build.0 = Debug|Any CPU
		{2B8545E6-1954-452D-8CA9-577C643266A6}.Release|Any CPU.ActiveCfg = Release|Any CPU
		{2B8545E6-1954-452D-8CA9-577C643266A6}.Release|Any CPU.Build.0 = Release|Any CPU
		{703D20A1-36D3-490F-8DF3-3A46290956FC}.Debug|Any CPU.ActiveCfg = Debug|Any CPU
		{703D20A1-36D3-490F-8DF3-3A46290956FC}.Debug|Any CPU.Build.0 = Debug|Any CPU
		{703D20A1-36D3-490F-8DF3-3A46290956FC}.Release|Any CPU.ActiveCfg = Release|Any CPU
		{703D20A1-36D3-490F-8DF3-3A46290956FC}.Release|Any CPU.Build.0 = Release|Any CPU
		{A704EEED-8D32-44AA-9358-51E3684C7052}.Debug|Any CPU.ActiveCfg = Debug|Any CPU
		{A704EEED-8D32-44AA-9358-51E3684C7052}.Debug|Any CPU.Build.0 = Debug|Any CPU
		{A704EEED-8D32-44AA-9358-51E3684C7052}.Release|Any CPU.ActiveCfg = Release|Any CPU
		{A704EEED-8D32-44AA-9358-51E3684C7052}.Release|Any CPU.Build.0 = Release|Any CPU
		{37606725-FD77-4DE0-AD95-926EB3DCE283}.Debug|Any CPU.ActiveCfg = Debug|Any CPU
		{37606725-FD77-4DE0-AD95-926EB3DCE283}.Debug|Any CPU.Build.0 = Debug|Any CPU
		{37606725-FD77-4DE0-AD95-926EB3DCE283}.Release|Any CPU.ActiveCfg = Release|Any CPU
		{37606725-FD77-4DE0-AD95-926EB3DCE283}.Release|Any CPU.Build.0 = Release|Any CPU
		{B552A9F6-D42E-4A5B-99F9-852EA887A2FD}.Debug|Any CPU.ActiveCfg = Debug|Any CPU
		{B552A9F6-D42E-4A5B-99F9-852EA887A2FD}.Debug|Any CPU.Build.0 = Debug|Any CPU
		{B552A9F6-D42E-4A5B-99F9-852EA887A2FD}.Release|Any CPU.ActiveCfg = Release|Any CPU
		{B552A9F6-D42E-4A5B-99F9-852EA887A2FD}.Release|Any CPU.Build.0 = Release|Any CPU
		{2CCF37D9-54AC-4CB5-A754-35488124185C}.Debug|Any CPU.ActiveCfg = Debug|Any CPU
		{2CCF37D9-54AC-4CB5-A754-35488124185C}.Debug|Any CPU.Build.0 = Debug|Any CPU
		{2CCF37D9-54AC-4CB5-A754-35488124185C}.Release|Any CPU.ActiveCfg = Release|Any CPU
		{2CCF37D9-54AC-4CB5-A754-35488124185C}.Release|Any CPU.Build.0 = Release|Any CPU
		{41ACF7E9-02B1-4DEA-831C-4D28441A66FD}.Debug|Any CPU.ActiveCfg = Debug|Any CPU
		{41ACF7E9-02B1-4DEA-831C-4D28441A66FD}.Debug|Any CPU.Build.0 = Debug|Any CPU
		{41ACF7E9-02B1-4DEA-831C-4D28441A66FD}.Release|Any CPU.ActiveCfg = Release|Any CPU
		{41ACF7E9-02B1-4DEA-831C-4D28441A66FD}.Release|Any CPU.Build.0 = Release|Any CPU
		{8D2FD8EF-9709-4AFE-AFB5-12E731CEFB11}.Debug|Any CPU.ActiveCfg = Debug|Any CPU
		{8D2FD8EF-9709-4AFE-AFB5-12E731CEFB11}.Debug|Any CPU.Build.0 = Debug|Any CPU
		{8D2FD8EF-9709-4AFE-AFB5-12E731CEFB11}.Release|Any CPU.ActiveCfg = Release|Any CPU
		{8D2FD8EF-9709-4AFE-AFB5-12E731CEFB11}.Release|Any CPU.Build.0 = Release|Any CPU
		{15FFB014-92CC-480E-B79B-04DF6A7C98C0}.Debug|Any CPU.ActiveCfg = Debug|Any CPU
		{15FFB014-92CC-480E-B79B-04DF6A7C98C0}.Debug|Any CPU.Build.0 = Debug|Any CPU
		{15FFB014-92CC-480E-B79B-04DF6A7C98C0}.Release|Any CPU.ActiveCfg = Release|Any CPU
		{15FFB014-92CC-480E-B79B-04DF6A7C98C0}.Release|Any CPU.Build.0 = Release|Any CPU
		{2B4E3845-F40D-4439-90BA-F95F57849664}.Debug|Any CPU.ActiveCfg = Debug|Any CPU
		{2B4E3845-F40D-4439-90BA-F95F57849664}.Debug|Any CPU.Build.0 = Debug|Any CPU
		{2B4E3845-F40D-4439-90BA-F95F57849664}.Release|Any CPU.ActiveCfg = Release|Any CPU
		{2B4E3845-F40D-4439-90BA-F95F57849664}.Release|Any CPU.Build.0 = Release|Any CPU
		{03C0E5EA-8992-423C-AF64-1CE6287ABF56}.Debug|Any CPU.ActiveCfg = Debug|Any CPU
		{03C0E5EA-8992-423C-AF64-1CE6287ABF56}.Debug|Any CPU.Build.0 = Debug|Any CPU
		{03C0E5EA-8992-423C-AF64-1CE6287ABF56}.Release|Any CPU.ActiveCfg = Release|Any CPU
		{03C0E5EA-8992-423C-AF64-1CE6287ABF56}.Release|Any CPU.Build.0 = Release|Any CPU
		{BA10D261-9419-432D-B839-87A81D43F8DF}.Debug|Any CPU.ActiveCfg = Debug|Any CPU
		{BA10D261-9419-432D-B839-87A81D43F8DF}.Debug|Any CPU.Build.0 = Debug|Any CPU
		{BA10D261-9419-432D-B839-87A81D43F8DF}.Release|Any CPU.ActiveCfg = Release|Any CPU
		{BA10D261-9419-432D-B839-87A81D43F8DF}.Release|Any CPU.Build.0 = Release|Any CPU
		{784AA7C1-0C53-4E96-A99D-11B78420707B}.Debug|Any CPU.ActiveCfg = Debug|Any CPU
		{784AA7C1-0C53-4E96-A99D-11B78420707B}.Debug|Any CPU.Build.0 = Debug|Any CPU
		{784AA7C1-0C53-4E96-A99D-11B78420707B}.Release|Any CPU.ActiveCfg = Release|Any CPU
		{784AA7C1-0C53-4E96-A99D-11B78420707B}.Release|Any CPU.Build.0 = Release|Any CPU
		{822463E4-F95F-4B1B-B411-129B1D4673EA}.Debug|Any CPU.ActiveCfg = Debug|Any CPU
		{822463E4-F95F-4B1B-B411-129B1D4673EA}.Debug|Any CPU.Build.0 = Debug|Any CPU
		{822463E4-F95F-4B1B-B411-129B1D4673EA}.Release|Any CPU.ActiveCfg = Release|Any CPU
		{822463E4-F95F-4B1B-B411-129B1D4673EA}.Release|Any CPU.Build.0 = Release|Any CPU
		{879934D0-89B0-4741-B6E8-C37EE52ABAEF}.Debug|Any CPU.ActiveCfg = Debug|Any CPU
		{879934D0-89B0-4741-B6E8-C37EE52ABAEF}.Debug|Any CPU.Build.0 = Debug|Any CPU
		{879934D0-89B0-4741-B6E8-C37EE52ABAEF}.Release|Any CPU.ActiveCfg = Release|Any CPU
		{879934D0-89B0-4741-B6E8-C37EE52ABAEF}.Release|Any CPU.Build.0 = Release|Any CPU
		{E37AF331-40F9-47D6-8EC3-BF8F63149223}.Debug|Any CPU.ActiveCfg = Debug|Any CPU
		{E37AF331-40F9-47D6-8EC3-BF8F63149223}.Debug|Any CPU.Build.0 = Debug|Any CPU
		{E37AF331-40F9-47D6-8EC3-BF8F63149223}.Release|Any CPU.ActiveCfg = Release|Any CPU
		{E37AF331-40F9-47D6-8EC3-BF8F63149223}.Release|Any CPU.Build.0 = Release|Any CPU
	EndGlobalSection
	GlobalSection(SolutionProperties) = preSolution
		HideSolutionNode = FALSE
	EndGlobalSection
	GlobalSection(ExtensibilityGlobals) = postSolution
		SolutionGuid = {851BC9E5-343B-4C58-83BA-E16884BF745A}
	EndGlobalSection
EndGlobal
